
Microsoft Visual Studio Solution File, Format Version 12.00
# Visual Studio Version 17
VisualStudioVersion = 17.13.35931.197 d17.13
MinimumVisualStudioVersion = 10.0.40219.1
Project("{FAE04EC0-301F-11D3-BF4B-00C04F79EFBC}") = "Project_1", "Project_1.csproj", "{A216E76D-4991-4331-8475-889984D34199}"
EndProject
Global
	GlobalSection(SolutionConfigurationPlatforms) = preSolution
		Debug|Any CPU = Debug|Any CPU
		Release|Any CPU = Release|Any CPU
	EndGlobalSection
	GlobalSection(ProjectConfigurationPlatforms) = postSolution
		{A216E76D-4991-4331-8475-889984D34199}.Debug|Any CPU.ActiveCfg = Debug|Any CPU
		{A216E76D-4991-4331-8475-889984D34199}.Debug|Any CPU.Build.0 = Debug|Any CPU
		{A216E76D-4991-4331-8475-889984D34199}.Release|Any CPU.ActiveCfg = Release|Any CPU
		{A216E76D-4991-4331-8475-889984D34199}.Release|Any CPU.Build.0 = Release|Any CPU
	EndGlobalSection
	GlobalSection(SolutionProperties) = preSolution
		HideSolutionNode = FALSE
	EndGlobalSection
	GlobalSection(ExtensibilityGlobals) = postSolution
		SolutionGuid = {48004882-2245-484E-83CF-66DA3EA7116D}
	EndGlobalSection
EndGlobal
